// !$*UTF8*$!
{
	archiveVersion = 1;
	classes = {
	};
	objectVersion = 53;
	objects = {

/* Begin PBXBuildFile section */
		4F4DEBF7255A64E8007E8A37 /* AppDelegate.swift in Sources */ = {isa = PBXBuildFile; fileRef = 4F4DEBF6255A64E8007E8A37 /* AppDelegate.swift */; };
		4F4DEBF9255A64E8007E8A37 /* ContentView.swift in Sources */ = {isa = PBXBuildFile; fileRef = 4F4DEBF8255A64E8007E8A37 /* ContentView.swift */; };
		4F4DEBFB255A64E9007E8A37 /* Assets.xcassets in Resources */ = {isa = PBXBuildFile; fileRef = 4F4DEBFA255A64E9007E8A37 /* Assets.xcassets */; };
		4F4DEBFE255A64E9007E8A37 /* Preview Assets.xcassets in Resources */ = {isa = PBXBuildFile; fileRef = 4F4DEBFD255A64E9007E8A37 /* Preview Assets.xcassets */; };
		4F4DEC01255A64E9007E8A37 /* Main.storyboard in Resources */ = {isa = PBXBuildFile; fileRef = 4F4DEBFF255A64E9007E8A37 /* Main.storyboard */; };
		4F5866602562E0BC00C529B7 /* Process.swift in Sources */ = {isa = PBXBuildFile; fileRef = 4F58665A2562E0BC00C529B7 /* Process.swift */; };
		4F5866612562E0BC00C529B7 /* System.swift in Sources */ = {isa = PBXBuildFile; fileRef = 4F58665C2562E0BC00C529B7 /* System.swift */; };
		4F5866622562E0BC00C529B7 /* Battery.swift in Sources */ = {isa = PBXBuildFile; fileRef = 4F58665D2562E0BC00C529B7 /* Battery.swift */; };
		4F5866642562E0BC00C529B7 /* IOReturn.swift in Sources */ = {isa = PBXBuildFile; fileRef = 4F58665F2562E0BC00C529B7 /* IOReturn.swift */; };
		4F58667425642EF700C529B7 /* Helpers.swift in Sources */ = {isa = PBXBuildFile; fileRef = 4F58667325642EF700C529B7 /* Helpers.swift */; };
		4F58667725642F4500C529B7 /* ProcessList.swift in Sources */ = {isa = PBXBuildFile; fileRef = 4F58667625642F4500C529B7 /* ProcessList.swift */; };
		4F5866A025657CDC00C529B7 /* .gitignore in Resources */ = {isa = PBXBuildFile; fileRef = 4F58669F25657CDC00C529B7 /* .gitignore */; };
		4F5866A52566D8BE00C529B7 /* TemperatureView.swift in Sources */ = {isa = PBXBuildFile; fileRef = 4F5866A42566D8BE00C529B7 /* TemperatureView.swift */; };
		4F7A7167255EDDB4008C6511 /* CPUHeatView.swift in Sources */ = {isa = PBXBuildFile; fileRef = 4F7A7166255EDDB4008C6511 /* CPUHeatView.swift */; };
		4F7A717525613B7A008C6511 /* Utils.swift in Sources */ = {isa = PBXBuildFile; fileRef = 4F7A717425613B7A008C6511 /* Utils.swift */; };
		4FE2C482255D8EC40011857F /* SMC.swift in Sources */ = {isa = PBXBuildFile; fileRef = 4FE2C480255D8EC40011857F /* SMC.swift */; };
/* End PBXBuildFile section */

/* Begin PBXFileReference section */
		4F4DEBF3255A64E8007E8A37 /* MacStats.app */ = {isa = PBXFileReference; explicitFileType = wrapper.application; includeInIndex = 0; path = MacStats.app; sourceTree = BUILT_PRODUCTS_DIR; };
		4F4DEBF6255A64E8007E8A37 /* AppDelegate.swift */ = {isa = PBXFileReference; lastKnownFileType = sourcecode.swift; path = AppDelegate.swift; sourceTree = "<group>"; };
		4F4DEBF8255A64E8007E8A37 /* ContentView.swift */ = {isa = PBXFileReference; lastKnownFileType = sourcecode.swift; path = ContentView.swift; sourceTree = "<group>"; };
		4F4DEBFA255A64E9007E8A37 /* Assets.xcassets */ = {isa = PBXFileReference; lastKnownFileType = folder.assetcatalog; path = Assets.xcassets; sourceTree = "<group>"; };
		4F4DEBFD255A64E9007E8A37 /* Preview Assets.xcassets */ = {isa = PBXFileReference; lastKnownFileType = folder.assetcatalog; path = "Preview Assets.xcassets"; sourceTree = "<group>"; };
		4F4DEC00255A64E9007E8A37 /* Base */ = {isa = PBXFileReference; lastKnownFileType = file.storyboard; name = Base; path = Base.lproj/Main.storyboard; sourceTree = "<group>"; };
		4F4DEC02255A64E9007E8A37 /* Info.plist */ = {isa = PBXFileReference; lastKnownFileType = text.plist.xml; path = Info.plist; sourceTree = "<group>"; };
		4F4DEC03255A64E9007E8A37 /* MacStats.entitlements */ = {isa = PBXFileReference; lastKnownFileType = text.plist.entitlements; path = MacStats.entitlements; sourceTree = "<group>"; };
		4F58665A2562E0BC00C529B7 /* Process.swift */ = {isa = PBXFileReference; fileEncoding = 4; lastKnownFileType = sourcecode.swift; path = Process.swift; sourceTree = "<group>"; };
		4F58665B2562E0BC00C529B7 /* SystemKit.h */ = {isa = PBXFileReference; fileEncoding = 4; lastKnownFileType = sourcecode.c.h; path = SystemKit.h; sourceTree = "<group>"; };
		4F58665C2562E0BC00C529B7 /* System.swift */ = {isa = PBXFileReference; fileEncoding = 4; lastKnownFileType = sourcecode.swift; path = System.swift; sourceTree = "<group>"; };
		4F58665D2562E0BC00C529B7 /* Battery.swift */ = {isa = PBXFileReference; fileEncoding = 4; lastKnownFileType = sourcecode.swift; path = Battery.swift; sourceTree = "<group>"; };
		4F58665F2562E0BC00C529B7 /* IOReturn.swift */ = {isa = PBXFileReference; fileEncoding = 4; lastKnownFileType = sourcecode.swift; path = IOReturn.swift; sourceTree = "<group>"; };
		4F58667325642EF700C529B7 /* Helpers.swift */ = {isa = PBXFileReference; lastKnownFileType = sourcecode.swift; path = Helpers.swift; sourceTree = "<group>"; };
		4F58667625642F4500C529B7 /* ProcessList.swift */ = {isa = PBXFileReference; lastKnownFileType = sourcecode.swift; path = ProcessList.swift; sourceTree = "<group>"; };
		4F58669F25657CDC00C529B7 /* .gitignore */ = {isa = PBXFileReference; lastKnownFileType = text; path = .gitignore; sourceTree = "<group>"; };
		4F5866A42566D8BE00C529B7 /* TemperatureView.swift */ = {isa = PBXFileReference; lastKnownFileType = sourcecode.swift; path = TemperatureView.swift; sourceTree = "<group>"; };
		4F7A7166255EDDB4008C6511 /* CPUHeatView.swift */ = {isa = PBXFileReference; lastKnownFileType = sourcecode.swift; path = CPUHeatView.swift; sourceTree = "<group>"; };
		4F7A717425613B7A008C6511 /* Utils.swift */ = {isa = PBXFileReference; lastKnownFileType = sourcecode.swift; path = Utils.swift; sourceTree = "<group>"; };
		4FE2C47F255D8EC40011857F /* SMCKit.h */ = {isa = PBXFileReference; fileEncoding = 4; lastKnownFileType = sourcecode.c.h; path = SMCKit.h; sourceTree = "<group>"; };
		4FE2C480255D8EC40011857F /* SMC.swift */ = {isa = PBXFileReference; fileEncoding = 4; lastKnownFileType = sourcecode.swift; path = SMC.swift; sourceTree = "<group>"; };
/* End PBXFileReference section */

/* Begin PBXFrameworksBuildPhase section */
		4F4DEBF0255A64E8007E8A37 /* Frameworks */ = {
			isa = PBXFrameworksBuildPhase;
			buildActionMask = 2147483647;
			files = (
			);
			runOnlyForDeploymentPostprocessing = 0;
		};
/* End PBXFrameworksBuildPhase section */

/* Begin PBXGroup section */
		4F4DEBEA255A64E8007E8A37 = {
			isa = PBXGroup;
			children = (
				4F58669F25657CDC00C529B7 /* .gitignore */,
				4F4DEC0A255A64F9007E8A37 /* libs */,
				4F4DEBF5255A64E8007E8A37 /* MacStats */,
				4F4DEBF4255A64E8007E8A37 /* Products */,
			);
			sourceTree = "<group>";
		};
		4F4DEBF4255A64E8007E8A37 /* Products */ = {
			isa = PBXGroup;
			children = (
				4F4DEBF3255A64E8007E8A37 /* MacStats.app */,
			);
			name = Products;
			sourceTree = "<group>";
		};
		4F4DEBF5255A64E8007E8A37 /* MacStats */ = {
			isa = PBXGroup;
			children = (
				4F7A7144255D98C7008C6511 /* module */,
				4F4DEBF6255A64E8007E8A37 /* AppDelegate.swift */,
				4F4DEBF8255A64E8007E8A37 /* ContentView.swift */,
				4F4DEBFA255A64E9007E8A37 /* Assets.xcassets */,
				4F4DEBFF255A64E9007E8A37 /* Main.storyboard */,
				4F4DEC02255A64E9007E8A37 /* Info.plist */,
				4F4DEC03255A64E9007E8A37 /* MacStats.entitlements */,
				4F4DEBFC255A64E9007E8A37 /* Preview Content */,
			);
			path = MacStats;
			sourceTree = "<group>";
		};
		4F4DEBFC255A64E9007E8A37 /* Preview Content */ = {
			isa = PBXGroup;
			children = (
				4F4DEBFD255A64E9007E8A37 /* Preview Assets.xcassets */,
			);
			path = "Preview Content";
			sourceTree = "<group>";
		};
		4F4DEC0A255A64F9007E8A37 /* libs */ = {
			isa = PBXGroup;
			children = (
				4F5866592562E0BC00C529B7 /* SystemKit */,
				4FE2C47E255D8EC40011857F /* SMCKit */,
			);
			path = libs;
			sourceTree = "<group>";
		};
		4F5866592562E0BC00C529B7 /* SystemKit */ = {
			isa = PBXGroup;
			children = (
				4F58665A2562E0BC00C529B7 /* Process.swift */,
				4F58665B2562E0BC00C529B7 /* SystemKit.h */,
				4F58665C2562E0BC00C529B7 /* System.swift */,
				4F58665D2562E0BC00C529B7 /* Battery.swift */,
				4F58665F2562E0BC00C529B7 /* IOReturn.swift */,
			);
			path = SystemKit;
			sourceTree = "<group>";
		};
		4F5866A32566D89C00C529B7 /* fan */ = {
			isa = PBXGroup;
			children = (
				4F5866A42566D8BE00C529B7 /* TemperatureView.swift */,
			);
			path = fan;
			sourceTree = "<group>";
		};
		4F7A7144255D98C7008C6511 /* module */ = {
			isa = PBXGroup;
			children = (
				4F5866A32566D89C00C529B7 /* fan */,
				4F7A717325613B64008C6511 /* utils */,
				4F7A7161255EDC7B008C6511 /* cpu */,
			);
			path = module;
			sourceTree = "<group>";
		};
		4F7A7161255EDC7B008C6511 /* cpu */ = {
			isa = PBXGroup;
			children = (
				4F7A7166255EDDB4008C6511 /* CPUHeatView.swift */,
				4F58667625642F4500C529B7 /* ProcessList.swift */,
			);
			path = cpu;
			sourceTree = "<group>";
		};
		4F7A717325613B64008C6511 /* utils */ = {
			isa = PBXGroup;
			children = (
				4F7A717425613B7A008C6511 /* Utils.swift */,
				4F58667325642EF700C529B7 /* Helpers.swift */,
			);
			path = utils;
			sourceTree = "<group>";
		};
		4FE2C47E255D8EC40011857F /* SMCKit */ = {
			isa = PBXGroup;
			children = (
				4FE2C47F255D8EC40011857F /* SMCKit.h */,
				4FE2C480255D8EC40011857F /* SMC.swift */,
			);
			path = SMCKit;
			sourceTree = "<group>";
		};
/* End PBXGroup section */

/* Begin PBXNativeTarget section */
		4F4DEBF2255A64E8007E8A37 /* MacStats */ = {
			isa = PBXNativeTarget;
			buildConfigurationList = 4F4DEC06255A64E9007E8A37 /* Build configuration list for PBXNativeTarget "MacStats" */;
			buildPhases = (
				4F4DEBEF255A64E8007E8A37 /* Sources */,
				4F4DEBF0255A64E8007E8A37 /* Frameworks */,
				4F4DEBF1255A64E8007E8A37 /* Resources */,
			);
			buildRules = (
			);
			dependencies = (
			);
			name = MacStats;
			productName = MacStats;
			productReference = 4F4DEBF3255A64E8007E8A37 /* MacStats.app */;
			productType = "com.apple.product-type.application";
		};
/* End PBXNativeTarget section */

/* Begin PBXProject section */
		4F4DEBEB255A64E8007E8A37 /* Project object */ = {
			isa = PBXProject;
			attributes = {
				LastSwiftUpdateCheck = 1210;
				LastUpgradeCheck = 1220;
				TargetAttributes = {
					4F4DEBF2255A64E8007E8A37 = {
						CreatedOnToolsVersion = 12.1;
					};
				};
			};
			buildConfigurationList = 4F4DEBEE255A64E8007E8A37 /* Build configuration list for PBXProject "MacStats" */;
			compatibilityVersion = "Xcode 11.4";
			developmentRegion = en;
			hasScannedForEncodings = 0;
			knownRegions = (
				en,
				Base,
			);
			mainGroup = 4F4DEBEA255A64E8007E8A37;
			productRefGroup = 4F4DEBF4255A64E8007E8A37 /* Products */;
			projectDirPath = "";
			projectRoot = "";
			targets = (
				4F4DEBF2255A64E8007E8A37 /* MacStats */,
			);
		};
/* End PBXProject section */

/* Begin PBXResourcesBuildPhase section */
		4F4DEBF1255A64E8007E8A37 /* Resources */ = {
			isa = PBXResourcesBuildPhase;
			buildActionMask = 2147483647;
			files = (
				4F5866A025657CDC00C529B7 /* .gitignore in Resources */,
				4F4DEC01255A64E9007E8A37 /* Main.storyboard in Resources */,
				4F4DEBFE255A64E9007E8A37 /* Preview Assets.xcassets in Resources */,
				4F4DEBFB255A64E9007E8A37 /* Assets.xcassets in Resources */,
			);
			runOnlyForDeploymentPostprocessing = 0;
		};
/* End PBXResourcesBuildPhase section */

/* Begin PBXSourcesBuildPhase section */
		4F4DEBEF255A64E8007E8A37 /* Sources */ = {
			isa = PBXSourcesBuildPhase;
			buildActionMask = 2147483647;
			files = (
				4F5866A52566D8BE00C529B7 /* TemperatureView.swift in Sources */,
				4F7A717525613B7A008C6511 /* Utils.swift in Sources */,
				4F5866612562E0BC00C529B7 /* System.swift in Sources */,
				4F7A7167255EDDB4008C6511 /* CPUHeatView.swift in Sources */,
				4F58667425642EF700C529B7 /* Helpers.swift in Sources */,
				4F5866622562E0BC00C529B7 /* Battery.swift in Sources */,
				4FE2C482255D8EC40011857F /* SMC.swift in Sources */,
				4F4DEBF9255A64E8007E8A37 /* ContentView.swift in Sources */,
				4F5866642562E0BC00C529B7 /* IOReturn.swift in Sources */,
				4F4DEBF7255A64E8007E8A37 /* AppDelegate.swift in Sources */,
				4F58667725642F4500C529B7 /* ProcessList.swift in Sources */,
				4F5866602562E0BC00C529B7 /* Process.swift in Sources */,
			);
			runOnlyForDeploymentPostprocessing = 0;
		};
/* End PBXSourcesBuildPhase section */

/* Begin PBXVariantGroup section */
		4F4DEBFF255A64E9007E8A37 /* Main.storyboard */ = {
			isa = PBXVariantGroup;
			children = (
				4F4DEC00255A64E9007E8A37 /* Base */,
			);
			name = Main.storyboard;
			sourceTree = "<group>";
		};
/* End PBXVariantGroup section */

/* Begin XCBuildConfiguration section */
		4F4DEC04255A64E9007E8A37 /* Debug */ = {
			isa = XCBuildConfiguration;
			buildSettings = {
				ALWAYS_SEARCH_USER_PATHS = NO;
				CLANG_ANALYZER_NONNULL = YES;
				CLANG_ANALYZER_NUMBER_OBJECT_CONVERSION = YES_AGGRESSIVE;
				CLANG_CXX_LANGUAGE_STANDARD = "gnu++14";
				CLANG_CXX_LIBRARY = "libc++";
				CLANG_ENABLE_MODULES = YES;
				CLANG_ENABLE_OBJC_ARC = YES;
				CLANG_ENABLE_OBJC_WEAK = YES;
				CLANG_WARN_BLOCK_CAPTURE_AUTORELEASING = YES;
				CLANG_WARN_BOOL_CONVERSION = YES;
				CLANG_WARN_COMMA = YES;
				CLANG_WARN_CONSTANT_CONVERSION = YES;
				CLANG_WARN_DEPRECATED_OBJC_IMPLEMENTATIONS = YES;
				CLANG_WARN_DIRECT_OBJC_ISA_USAGE = YES_ERROR;
				CLANG_WARN_DOCUMENTATION_COMMENTS = YES;
				CLANG_WARN_EMPTY_BODY = YES;
				CLANG_WARN_ENUM_CONVERSION = YES;
				CLANG_WARN_INFINITE_RECURSION = YES;
				CLANG_WARN_INT_CONVERSION = YES;
				CLANG_WARN_NON_LITERAL_NULL_CONVERSION = YES;
				CLANG_WARN_OBJC_IMPLICIT_RETAIN_SELF = YES;
				CLANG_WARN_OBJC_LITERAL_CONVERSION = YES;
				CLANG_WARN_OBJC_ROOT_CLASS = YES_ERROR;
				CLANG_WARN_QUOTED_INCLUDE_IN_FRAMEWORK_HEADER = YES;
				CLANG_WARN_RANGE_LOOP_ANALYSIS = YES;
				CLANG_WARN_STRICT_PROTOTYPES = YES;
				CLANG_WARN_SUSPICIOUS_MOVE = YES;
				CLANG_WARN_UNGUARDED_AVAILABILITY = YES_AGGRESSIVE;
				CLANG_WARN_UNREACHABLE_CODE = YES;
				CLANG_WARN__DUPLICATE_METHOD_MATCH = YES;
				COPY_PHASE_STRIP = NO;
				DEBUG_INFORMATION_FORMAT = dwarf;
				ENABLE_STRICT_OBJC_MSGSEND = YES;
				ENABLE_TESTABILITY = YES;
				GCC_C_LANGUAGE_STANDARD = gnu11;
				GCC_DYNAMIC_NO_PIC = NO;
				GCC_NO_COMMON_BLOCKS = YES;
				GCC_OPTIMIZATION_LEVEL = 0;
				GCC_PREPROCESSOR_DEFINITIONS = (
					"DEBUG=1",
					"$(inherited)",
				);
				GCC_WARN_64_TO_32_BIT_CONVERSION = YES;
				GCC_WARN_ABOUT_RETURN_TYPE = YES_ERROR;
				GCC_WARN_UNDECLARED_SELECTOR = YES;
				GCC_WARN_UNINITIALIZED_AUTOS = YES_AGGRESSIVE;
				GCC_WARN_UNUSED_FUNCTION = YES;
				GCC_WARN_UNUSED_VARIABLE = YES;
				MACOSX_DEPLOYMENT_TARGET = 10.13;
				MTL_ENABLE_DEBUG_INFO = INCLUDE_SOURCE;
				MTL_FAST_MATH = YES;
				ONLY_ACTIVE_ARCH = YES;
				SDKROOT = macosx;
				SWIFT_ACTIVE_COMPILATION_CONDITIONS = DEBUG;
				SWIFT_OPTIMIZATION_LEVEL = "-Onone";
			};
			name = Debug;
		};
		4F4DEC05255A64E9007E8A37 /* Release */ = {
			isa = XCBuildConfiguration;
			buildSettings = {
				ALWAYS_SEARCH_USER_PATHS = NO;
				CLANG_ANALYZER_NONNULL = YES;
				CLANG_ANALYZER_NUMBER_OBJECT_CONVERSION = YES_AGGRESSIVE;
				CLANG_CXX_LANGUAGE_STANDARD = "gnu++14";
				CLANG_CXX_LIBRARY = "libc++";
				CLANG_ENABLE_MODULES = YES;
				CLANG_ENABLE_OBJC_ARC = YES;
				CLANG_ENABLE_OBJC_WEAK = YES;
				CLANG_WARN_BLOCK_CAPTURE_AUTORELEASING = YES;
				CLANG_WARN_BOOL_CONVERSION = YES;
				CLANG_WARN_COMMA = YES;
				CLANG_WARN_CONSTANT_CONVERSION = YES;
				CLANG_WARN_DEPRECATED_OBJC_IMPLEMENTATIONS = YES;
				CLANG_WARN_DIRECT_OBJC_ISA_USAGE = YES_ERROR;
				CLANG_WARN_DOCUMENTATION_COMMENTS = YES;
				CLANG_WARN_EMPTY_BODY = YES;
				CLANG_WARN_ENUM_CONVERSION = YES;
				CLANG_WARN_INFINITE_RECURSION = YES;
				CLANG_WARN_INT_CONVERSION = YES;
				CLANG_WARN_NON_LITERAL_NULL_CONVERSION = YES;
				CLANG_WARN_OBJC_IMPLICIT_RETAIN_SELF = YES;
				CLANG_WARN_OBJC_LITERAL_CONVERSION = YES;
				CLANG_WARN_OBJC_ROOT_CLASS = YES_ERROR;
				CLANG_WARN_QUOTED_INCLUDE_IN_FRAMEWORK_HEADER = YES;
				CLANG_WARN_RANGE_LOOP_ANALYSIS = YES;
				CLANG_WARN_STRICT_PROTOTYPES = YES;
				CLANG_WARN_SUSPICIOUS_MOVE = YES;
				CLANG_WARN_UNGUARDED_AVAILABILITY = YES_AGGRESSIVE;
				CLANG_WARN_UNREACHABLE_CODE = YES;
				CLANG_WARN__DUPLICATE_METHOD_MATCH = YES;
				COPY_PHASE_STRIP = NO;
				DEBUG_INFORMATION_FORMAT = "dwarf-with-dsym";
				ENABLE_NS_ASSERTIONS = NO;
				ENABLE_STRICT_OBJC_MSGSEND = YES;
				GCC_C_LANGUAGE_STANDARD = gnu11;
				GCC_NO_COMMON_BLOCKS = YES;
				GCC_WARN_64_TO_32_BIT_CONVERSION = YES;
				GCC_WARN_ABOUT_RETURN_TYPE = YES_ERROR;
				GCC_WARN_UNDECLARED_SELECTOR = YES;
				GCC_WARN_UNINITIALIZED_AUTOS = YES_AGGRESSIVE;
				GCC_WARN_UNUSED_FUNCTION = YES;
				GCC_WARN_UNUSED_VARIABLE = YES;
				MACOSX_DEPLOYMENT_TARGET = 10.13;
				MTL_ENABLE_DEBUG_INFO = NO;
				MTL_FAST_MATH = YES;
				SDKROOT = macosx;
				SWIFT_COMPILATION_MODE = wholemodule;
				SWIFT_OPTIMIZATION_LEVEL = "-O";
			};
			name = Release;
		};
		4F4DEC07255A64E9007E8A37 /* Debug */ = {
			isa = XCBuildConfiguration;
			buildSettings = {
				ASSETCATALOG_COMPILER_GLOBAL_ACCENT_COLOR_NAME = AccentColor;
				CODE_SIGN_ENTITLEMENTS = MacStats/MacStats.entitlements;
				CODE_SIGN_IDENTITY = "Apple Development";
				CODE_SIGN_STYLE = Automatic;
				COMBINE_HIDPI_IMAGES = YES;
				DEVELOPMENT_ASSET_PATHS = "\"MacStats/Preview Content\"";
				DEVELOPMENT_TEAM = 5TXZ4TSRUR;
				ENABLE_HARDENED_RUNTIME = YES;
				ENABLE_PREVIEWS = YES;
				INFOPLIST_FILE = MacStats/Info.plist;
				LD_RUNPATH_SEARCH_PATHS = (
					"$(inherited)",
					"@executable_path/../Frameworks",
				);
				MACOSX_DEPLOYMENT_TARGET = 10.15;
				PRODUCT_BUNDLE_IDENTIFIER = tp.MacStats;
				PRODUCT_NAME = "$(TARGET_NAME)";
				SWIFT_VERSION = 5.0;
			};
			name = Debug;
		};
		4F4DEC08255A64E9007E8A37 /* Release */ = {
			isa = XCBuildConfiguration;
			buildSettings = {
				ASSETCATALOG_COMPILER_GLOBAL_ACCENT_COLOR_NAME = AccentColor;
				CODE_SIGN_ENTITLEMENTS = MacStats/MacStats.entitlements;
				CODE_SIGN_IDENTITY = "Apple Development";
				CODE_SIGN_STYLE = Automatic;
				COMBINE_HIDPI_IMAGES = YES;
				DEVELOPMENT_ASSET_PATHS = "\"MacStats/Preview Content\"";
				DEVELOPMENT_TEAM = 5TXZ4TSRUR;
				ENABLE_HARDENED_RUNTIME = YES;
				ENABLE_PREVIEWS = YES;
				INFOPLIST_FILE = MacStats/Info.plist;
				LD_RUNPATH_SEARCH_PATHS = (
					"$(inherited)",
					"@executable_path/../Frameworks",
				);
				MACOSX_DEPLOYMENT_TARGET = 10.15;
				PRODUCT_BUNDLE_IDENTIFIER = tp.MacStats;
				PRODUCT_NAME = "$(TARGET_NAME)";
				SWIFT_VERSION = 5.0;
			};
			name = Release;
		};
/* End XCBuildConfiguration section */

/* Begin XCConfigurationList section */
		4F4DEBEE255A64E8007E8A37 /* Build configuration list for PBXProject "MacStats" */ = {
			isa = XCConfigurationList;
			buildConfigurations = (
				4F4DEC04255A64E9007E8A37 /* Debug */,
				4F4DEC05255A64E9007E8A37 /* Release */,
			);
			defaultConfigurationIsVisible = 0;
			defaultConfigurationName = Release;
		};
		4F4DEC06255A64E9007E8A37 /* Build configuration list for PBXNativeTarget "MacStats" */ = {
			isa = XCConfigurationList;
			buildConfigurations = (
				4F4DEC07255A64E9007E8A37 /* Debug */,
				4F4DEC08255A64E9007E8A37 /* Release */,
			);
			defaultConfigurationIsVisible = 0;
			defaultConfigurationName = Release;
		};
/* End XCConfigurationList section */
	};
	rootObject = 4F4DEBEB255A64E8007E8A37 /* Project object */;
}
